
Microsoft Visual Studio Solution File, Format Version 12.00
Project("{FAE04EC0-301F-11D3-BF4B-00C04F79EFBC}") = "Template.Api", "src\Template.Api\Template.Api.csproj", "{305991B7-8A22-4E11-8F90-6F9D5AC16A87}"
EndProject
Project("{FAE04EC0-301F-11D3-BF4B-00C04F79EFBC}") = "Template.Functions", "src\Template.Functions\Template.Functions.csproj", "{DD561531-4F91-4534-AACD-D7769EE1A141}"
EndProject
Project("{FAE04EC0-301F-11D3-BF4B-00C04F79EFBC}") = "Template.Shared", "src\Template.Shared\Template.Shared.csproj", "{55547C6A-F5FF-437D-AAC2-9E559DA85BF6}"
EndProject
Global
	GlobalSection(SolutionConfigurationPlatforms) = preSolution
		Debug|Any CPU = Debug|Any CPU
		Release|Any CPU = Release|Any CPU
	EndGlobalSection
	GlobalSection(ProjectConfigurationPlatforms) = postSolution
		{305991B7-8A22-4E11-8F90-6F9D5AC16A87}.Debug|Any CPU.ActiveCfg = Debug|Any CPU
		{305991B7-8A22-4E11-8F90-6F9D5AC16A87}.Debug|Any CPU.Build.0 = Debug|Any CPU
		{305991B7-8A22-4E11-8F90-6F9D5AC16A87}.Release|Any CPU.ActiveCfg = Release|Any CPU
		{305991B7-8A22-4E11-8F90-6F9D5AC16A87}.Release|Any CPU.Build.0 = Release|Any CPU
		{DD561531-4F91-4534-AACD-D7769EE1A141}.Debug|Any CPU.ActiveCfg = Debug|Any CPU
		{DD561531-4F91-4534-AACD-D7769EE1A141}.Debug|Any CPU.Build.0 = Debug|Any CPU
		{DD561531-4F91-4534-AACD-D7769EE1A141}.Release|Any CPU.ActiveCfg = Release|Any CPU
		{DD561531-4F91-4534-AACD-D7769EE1A141}.Release|Any CPU.Build.0 = Release|Any CPU
		{55547C6A-F5FF-437D-AAC2-9E559DA85BF6}.Debug|Any CPU.ActiveCfg = Debug|Any CPU
		{55547C6A-F5FF-437D-AAC2-9E559DA85BF6}.Debug|Any CPU.Build.0 = Debug|Any CPU
		{55547C6A-F5FF-437D-AAC2-9E559DA85BF6}.Release|Any CPU.ActiveCfg = Release|Any CPU
		{55547C6A-F5FF-437D-AAC2-9E559DA85BF6}.Release|Any CPU.Build.0 = Release|Any CPU
	EndGlobalSection
EndGlobal
